// !$*UTF8*$!
{
	archiveVersion = 1;
	classes = {
	};
	objectVersion = 46;
	objects = {

/* Begin PBXBuildFile section */
		7CA22DF91C6C2C4200971AC2 /* AppDelegate.swift in Sources */ = {isa = PBXBuildFile; fileRef = 7CA22DF81C6C2C4200971AC2 /* AppDelegate.swift */; };
		7CA22DFB1C6C2C4200971AC2 /* PhotosViewController.swift in Sources */ = {isa = PBXBuildFile; fileRef = 7CA22DFA1C6C2C4200971AC2 /* PhotosViewController.swift */; };
		7CA22DFE1C6C2C4200971AC2 /* Main.storyboard in Resources */ = {isa = PBXBuildFile; fileRef = 7CA22DFC1C6C2C4200971AC2 /* Main.storyboard */; };
		7CA22E001C6C2C4200971AC2 /* Assets.xcassets in Resources */ = {isa = PBXBuildFile; fileRef = 7CA22DFF1C6C2C4200971AC2 /* Assets.xcassets */; };
		7CA22E031C6C2C4200971AC2 /* LaunchScreen.storyboard in Resources */ = {isa = PBXBuildFile; fileRef = 7CA22E011C6C2C4200971AC2 /* LaunchScreen.storyboard */; };
		7CAF917A1C72737000B7D3B7 /* PhotoDetailsViewController.swift in Sources */ = {isa = PBXBuildFile; fileRef = 7CAF91791C72737000B7D3B7 /* PhotoDetailsViewController.swift */; };
		7CD584251C726B0500E9EC02 /* PhotoTableViewCell.swift in Sources */ = {isa = PBXBuildFile; fileRef = 7CD584241C726B0500E9EC02 /* PhotoTableViewCell.swift */; };
		98C329882D86853A97D63302 /* Pods_Instagram.framework in Frameworks */ = {isa = PBXBuildFile; fileRef = 329F50C411F4E2F5BF661801 /* Pods_Instagram.framework */; };
/* End PBXBuildFile section */

/* Begin PBXFileReference section */
		329F50C411F4E2F5BF661801 /* Pods_Instagram.framework */ = {isa = PBXFileReference; explicitFileType = wrapper.framework; includeInIndex = 0; path = Pods_Instagram.framework; sourceTree = BUILT_PRODUCTS_DIR; };
		7CA22DF51C6C2C4200971AC2 /* Instagram.app */ = {isa = PBXFileReference; explicitFileType = wrapper.application; includeInIndex = 0; path = Instagram.app; sourceTree = BUILT_PRODUCTS_DIR; };
		7CA22DF81C6C2C4200971AC2 /* AppDelegate.swift */ = {isa = PBXFileReference; lastKnownFileType = sourcecode.swift; path = AppDelegate.swift; sourceTree = "<group>"; };
		7CA22DFA1C6C2C4200971AC2 /* PhotosViewController.swift */ = {isa = PBXFileReference; lastKnownFileType = sourcecode.swift; path = PhotosViewController.swift; sourceTree = "<group>"; };
		7CA22DFD1C6C2C4200971AC2 /* Base */ = {isa = PBXFileReference; lastKnownFileType = file.storyboard; name = Base; path = Base.lproj/Main.storyboard; sourceTree = "<group>"; };
		7CA22DFF1C6C2C4200971AC2 /* Assets.xcassets */ = {isa = PBXFileReference; lastKnownFileType = folder.assetcatalog; path = Assets.xcassets; sourceTree = "<group>"; };
		7CA22E021C6C2C4200971AC2 /* Base */ = {isa = PBXFileReference; lastKnownFileType = file.storyboard; name = Base; path = Base.lproj/LaunchScreen.storyboard; sourceTree = "<group>"; };
		7CA22E041C6C2C4200971AC2 /* Info.plist */ = {isa = PBXFileReference; lastKnownFileType = text.plist.xml; path = Info.plist; sourceTree = "<group>"; };
		7CAF91791C72737000B7D3B7 /* PhotoDetailsViewController.swift */ = {isa = PBXFileReference; fileEncoding = 4; lastKnownFileType = sourcecode.swift; path = PhotoDetailsViewController.swift; sourceTree = "<group>"; };
		7CD584241C726B0500E9EC02 /* PhotoTableViewCell.swift */ = {isa = PBXFileReference; fileEncoding = 4; lastKnownFileType = sourcecode.swift; path = PhotoTableViewCell.swift; sourceTree = "<group>"; };
		E2E5903C8C05D7B586A0F615 /* Pods-Instagram.debug.xcconfig */ = {isa = PBXFileReference; includeInIndex = 1; lastKnownFileType = text.xcconfig; name = "Pods-Instagram.debug.xcconfig"; path = "Pods/Target Support Files/Pods-Instagram/Pods-Instagram.debug.xcconfig"; sourceTree = "<group>"; };
		E85A3C7446AB45B34DC305E1 /* Pods-Instagram.release.xcconfig */ = {isa = PBXFileReference; includeInIndex = 1; lastKnownFileType = text.xcconfig; name = "Pods-Instagram.release.xcconfig"; path = "Pods/Target Support Files/Pods-Instagram/Pods-Instagram.release.xcconfig"; sourceTree = "<group>"; };
/* End PBXFileReference section */

/* Begin PBXFrameworksBuildPhase section */
		7CA22DF21C6C2C4200971AC2 /* Frameworks */ = {
			isa = PBXFrameworksBuildPhase;
			buildActionMask = 2147483647;
			files = (
				98C329882D86853A97D63302 /* Pods_Instagram.framework in Frameworks */,
			);
			runOnlyForDeploymentPostprocessing = 0;
		};
/* End PBXFrameworksBuildPhase section */

/* Begin PBXGroup section */
		28534D8216BBB7B0AA80236E /* Pods */ = {
			isa = PBXGroup;
			children = (
				E2E5903C8C05D7B586A0F615 /* Pods-Instagram.debug.xcconfig */,
				E85A3C7446AB45B34DC305E1 /* Pods-Instagram.release.xcconfig */,
			);
			name = Pods;
			sourceTree = "<group>";
		};
		6BD5BBDC8191398B2373CCA8 /* Frameworks */ = {
			isa = PBXGroup;
			children = (
				329F50C411F4E2F5BF661801 /* Pods_Instagram.framework */,
			);
			name = Frameworks;
			sourceTree = "<group>";
		};
		7CA22DEC1C6C2C4200971AC2 = {
			isa = PBXGroup;
			children = (
				7CA22DF71C6C2C4200971AC2 /* Instagram */,
				7CA22DF61C6C2C4200971AC2 /* Products */,
				28534D8216BBB7B0AA80236E /* Pods */,
				6BD5BBDC8191398B2373CCA8 /* Frameworks */,
			);
			sourceTree = "<group>";
		};
		7CA22DF61C6C2C4200971AC2 /* Products */ = {
			isa = PBXGroup;
			children = (
				7CA22DF51C6C2C4200971AC2 /* Instagram.app */,
			);
			name = Products;
			sourceTree = "<group>";
		};
		7CA22DF71C6C2C4200971AC2 /* Instagram */ = {
			isa = PBXGroup;
			children = (
				7CA22DF81C6C2C4200971AC2 /* AppDelegate.swift */,
				7CA22DFA1C6C2C4200971AC2 /* PhotosViewController.swift */,
				7CD584241C726B0500E9EC02 /* PhotoTableViewCell.swift */,
				7CA22DFC1C6C2C4200971AC2 /* Main.storyboard */,
				7CAF91791C72737000B7D3B7 /* PhotoDetailsViewController.swift */,
				7CA22DFF1C6C2C4200971AC2 /* Assets.xcassets */,
				7CA22E011C6C2C4200971AC2 /* LaunchScreen.storyboard */,
				7CA22E041C6C2C4200971AC2 /* Info.plist */,
			);
			path = Instagram;
			sourceTree = "<group>";
		};
/* End PBXGroup section */

/* Begin PBXNativeTarget section */
		7CA22DF41C6C2C4200971AC2 /* Instagram */ = {
			isa = PBXNativeTarget;
			buildConfigurationList = 7CA22E071C6C2C4200971AC2 /* Build configuration list for PBXNativeTarget "Instagram" */;
			buildPhases = (
				93E473E73896B4846465E9C0 /* Check Pods Manifest.lock */,
				7CA22DF11C6C2C4200971AC2 /* Sources */,
				7CA22DF21C6C2C4200971AC2 /* Frameworks */,
				7CA22DF31C6C2C4200971AC2 /* Resources */,
				006F7F2791B8DBE624D9D143 /* Embed Pods Frameworks */,
				853954BA8D50DBE7A83B12FA /* Copy Pods Resources */,
			);
			buildRules = (
			);
			dependencies = (
			);
			name = Instagram;
			productName = Instagram;
			productReference = 7CA22DF51C6C2C4200971AC2 /* Instagram.app */;
			productType = "com.apple.product-type.application";
		};
/* End PBXNativeTarget section */

/* Begin PBXProject section */
		7CA22DED1C6C2C4200971AC2 /* Project object */ = {
			isa = PBXProject;
			attributes = {
				LastSwiftUpdateCheck = 0720;
				LastUpgradeCheck = 0720;
				ORGANIZATIONNAME = "Daniel Moreh";
				TargetAttributes = {
					7CA22DF41C6C2C4200971AC2 = {
						CreatedOnToolsVersion = 7.2.1;
					};
				};
			};
			buildConfigurationList = 7CA22DF01C6C2C4200971AC2 /* Build configuration list for PBXProject "Instagram" */;
			compatibilityVersion = "Xcode 3.2";
			developmentRegion = English;
			hasScannedForEncodings = 0;
			knownRegions = (
				en,
				Base,
			);
			mainGroup = 7CA22DEC1C6C2C4200971AC2;
			productRefGroup = 7CA22DF61C6C2C4200971AC2 /* Products */;
			projectDirPath = "";
			projectRoot = "";
			targets = (
				7CA22DF41C6C2C4200971AC2 /* Instagram */,
			);
		};
/* End PBXProject section */

/* Begin PBXResourcesBuildPhase section */
		7CA22DF31C6C2C4200971AC2 /* Resources */ = {
			isa = PBXResourcesBuildPhase;
			buildActionMask = 2147483647;
			files = (
				7CA22E031C6C2C4200971AC2 /* LaunchScreen.storyboard in Resources */,
				7CA22E001C6C2C4200971AC2 /* Assets.xcassets in Resources */,
				7CA22DFE1C6C2C4200971AC2 /* Main.storyboard in Resources */,
			);
			runOnlyForDeploymentPostprocessing = 0;
		};
/* End PBXResourcesBuildPhase section */

/* Begin PBXShellScriptBuildPhase section */
		006F7F2791B8DBE624D9D143 /* Embed Pods Frameworks */ = {
			isa = PBXShellScriptBuildPhase;
			buildActionMask = 2147483647;
			files = (
			);
			inputPaths = (
			);
			name = "Embed Pods Frameworks";
			outputPaths = (
			);
			runOnlyForDeploymentPostprocessing = 0;
			shellPath = /bin/sh;
			shellScript = "\"${SRCROOT}/Pods/Target Support Files/Pods-Instagram/Pods-Instagram-frameworks.sh\"\n";
			showEnvVarsInLog = 0;
		};
		853954BA8D50DBE7A83B12FA /* Copy Pods Resources */ = {
			isa = PBXShellScriptBuildPhase;
			buildActionMask = 2147483647;
			files = (
			);
			inputPaths = (
			);
			name = "Copy Pods Resources";
			outputPaths = (
			);
			runOnlyForDeploymentPostprocessing = 0;
			shellPath = /bin/sh;
			shellScript = "\"${SRCROOT}/Pods/Target Support Files/Pods-Instagram/Pods-Instagram-resources.sh\"\n";
			showEnvVarsInLog = 0;
		};
		93E473E73896B4846465E9C0 /* Check Pods Manifest.lock */ = {
			isa = PBXShellScriptBuildPhase;
			buildActionMask = 2147483647;
			files = (
			);
			inputPaths = (
			);
			name = "Check Pods Manifest.lock";
			outputPaths = (
			);
			runOnlyForDeploymentPostprocessing = 0;
			shellPath = /bin/sh;
			shellScript = "diff \"${PODS_ROOT}/../Podfile.lock\" \"${PODS_ROOT}/Manifest.lock\" > /dev/null\nif [[ $? != 0 ]] ; then\n    cat << EOM\nerror: The sandbox is not in sync with the Podfile.lock. Run 'pod install' or update your CocoaPods installation.\nEOM\n    exit 1\nfi\n";
			showEnvVarsInLog = 0;
		};
/* End PBXShellScriptBuildPhase section */

/* Begin PBXSourcesBuildPhase section */
		7CA22DF11C6C2C4200971AC2 /* Sources */ = {
			isa = PBXSourcesBuildPhase;
			buildActionMask = 2147483647;
			files = (
				7CAF917A1C72737000B7D3B7 /* PhotoDetailsViewController.swift in Sources */,
				7CA22DFB1C6C2C4200971AC2 /* PhotosViewController.swift in Sources */,
				7CA22DF91C6C2C4200971AC2 /* AppDelegate.swift in Sources */,
				7CD584251C726B0500E9EC02 /* PhotoTableViewCell.swift in Sources */,
			);
			runOnlyForDeploymentPostprocessing = 0;
		};
/* End PBXSourcesBuildPhase section */

/* Begin PBXVariantGroup section */
		7CA22DFC1C6C2C4200971AC2 /* Main.storyboard */ = {
			isa = PBXVariantGroup;
			children = (
				7CA22DFD1C6C2C4200971AC2 /* Base */,
			);
			name = Main.storyboard;
			sourceTree = "<group>";
		};
		7CA22E011C6C2C4200971AC2 /* LaunchScreen.storyboard */ = {
			isa = PBXVariantGroup;
			children = (
				7CA22E021C6C2C4200971AC2 /* Base */,
			);
			name = LaunchScreen.storyboard;
			sourceTree = "<group>";
		};
/* End PBXVariantGroup section */

/* Begin XCBuildConfiguration section */
		7CA22E051C6C2C4200971AC2 /* Debug */ = {
			isa = XCBuildConfiguration;
			buildSettings = {
				ALWAYS_SEARCH_USER_PATHS = NO;
				CLANG_CXX_LANGUAGE_STANDARD = "gnu++0x";
				CLANG_CXX_LIBRARY = "libc++";
				CLANG_ENABLE_MODULES = YES;
				CLANG_ENABLE_OBJC_ARC = YES;
				CLANG_WARN_BOOL_CONVERSION = YES;
				CLANG_WARN_CONSTANT_CONVERSION = YES;
				CLANG_WARN_DIRECT_OBJC_ISA_USAGE = YES_ERROR;
				CLANG_WARN_EMPTY_BODY = YES;
				CLANG_WARN_ENUM_CONVERSION = YES;
				CLANG_WARN_INT_CONVERSION = YES;
				CLANG_WARN_OBJC_ROOT_CLASS = YES_ERROR;
				CLANG_WARN_UNREACHABLE_CODE = YES;
				CLANG_WARN__DUPLICATE_METHOD_MATCH = YES;
				"CODE_SIGN_IDENTITY[sdk=iphoneos*]" = "iPhone Developer";
				COPY_PHASE_STRIP = NO;
				DEBUG_INFORMATION_FORMAT = dwarf;
				ENABLE_STRICT_OBJC_MSGSEND = YES;
				ENABLE_TESTABILITY = YES;
				GCC_C_LANGUAGE_STANDARD = gnu99;
				GCC_DYNAMIC_NO_PIC = NO;
				GCC_NO_COMMON_BLOCKS = YES;
				GCC_OPTIMIZATION_LEVEL = 0;
				GCC_PREPROCESSOR_DEFINITIONS = (
					"DEBUG=1",
					"$(inherited)",
				);
				GCC_WARN_64_TO_32_BIT_CONVERSION = YES;
				GCC_WARN_ABOUT_RETURN_TYPE = YES_ERROR;
				GCC_WARN_UNDECLARED_SELECTOR = YES;
				GCC_WARN_UNINITIALIZED_AUTOS = YES_AGGRESSIVE;
				GCC_WARN_UNUSED_FUNCTION = YES;
				GCC_WARN_UNUSED_VARIABLE = YES;
				IPHONEOS_DEPLOYMENT_TARGET = 9.2;
				MTL_ENABLE_DEBUG_INFO = YES;
				ONLY_ACTIVE_ARCH = YES;
				SDKROOT = iphoneos;
				SWIFT_OPTIMIZATION_LEVEL = "-Onone";
				TARGETED_DEVICE_FAMILY = "1,2";
			};
			name = Debug;
		};
		7CA22E061C6C2C4200971AC2 /* Release */ = {
			isa = XCBuildConfiguration;
			buildSettings = {
				ALWAYS_SEARCH_USER_PATHS = NO;
				CLANG_CXX_LANGUAGE_STANDARD = "gnu++0x";
				CLANG_CXX_LIBRARY = "libc++";
				CLANG_ENABLE_MODULES = YES;
				CLANG_ENABLE_OBJC_ARC = YES;
				CLANG_WARN_BOOL_CONVERSION = YES;
				CLANG_WARN_CONSTANT_CONVERSION = YES;
				CLANG_WARN_DIRECT_OBJC_ISA_USAGE = YES_ERROR;
				CLANG_WARN_EMPTY_BODY = YES;
				CLANG_WARN_ENUM_CONVERSION = YES;
				CLANG_WARN_INT_CONVERSION = YES;
				CLANG_WARN_OBJC_ROOT_CLASS = YES_ERROR;
				CLANG_WARN_UNREACHABLE_CODE = YES;
				CLANG_WARN__DUPLICATE_METHOD_MATCH = YES;
				"CODE_SIGN_IDENTITY[sdk=iphoneos*]" = "iPhone Developer";
				COPY_PHASE_STRIP = NO;
				DEBUG_INFORMATION_FORMAT = "dwarf-with-dsym";
				ENABLE_NS_ASSERTIONS = NO;
				ENABLE_STRICT_OBJC_MSGSEND = YES;
				GCC_C_LANGUAGE_STANDARD = gnu99;
				GCC_NO_COMMON_BLOCKS = YES;
				GCC_WARN_64_TO_32_BIT_CONVERSION = YES;
				GCC_WARN_ABOUT_RETURN_TYPE = YES_ERROR;
				GCC_WARN_UNDECLARED_SELECTOR = YES;
				GCC_WARN_UNINITIALIZED_AUTOS = YES_AGGRESSIVE;
				GCC_WARN_UNUSED_FUNCTION = YES;
				GCC_WARN_UNUSED_VARIABLE = YES;
				IPHONEOS_DEPLOYMENT_TARGET = 9.2;
				MTL_ENABLE_DEBUG_INFO = NO;
				SDKROOT = iphoneos;
				TARGETED_DEVICE_FAMILY = "1,2";
				VALIDATE_PRODUCT = YES;
			};
			name = Release;
		};
		7CA22E081C6C2C4200971AC2 /* Debug */ = {
			isa = XCBuildConfiguration;
			baseConfigurationReference = E2E5903C8C05D7B586A0F615 /* Pods-Instagram.debug.xcconfig */;
			buildSettings = {
				ASSETCATALOG_COMPILER_APPICON_NAME = AppIcon;
				INFOPLIST_FILE = Instagram/Info.plist;
				LD_RUNPATH_SEARCH_PATHS = "$(inherited) @executable_path/Frameworks";
				PRODUCT_BUNDLE_IDENTIFIER = Lyft.Instagram;
				PRODUCT_NAME = "$(TARGET_NAME)";
			};
			name = Debug;
		};
		7CA22E091C6C2C4200971AC2 /* Release */ = {
			isa = XCBuildConfiguration;
			baseConfigurationReference = E85A3C7446AB45B34DC305E1 /* Pods-Instagram.release.xcconfig */;
			buildSettings = {
				ASSETCATALOG_COMPILER_APPICON_NAME = AppIcon;
				INFOPLIST_FILE = Instagram/Info.plist;
				LD_RUNPATH_SEARCH_PATHS = "$(inherited) @executable_path/Frameworks";
				PRODUCT_BUNDLE_IDENTIFIER = Lyft.Instagram;
				PRODUCT_NAME = "$(TARGET_NAME)";
			};
			name = Release;
		};
/* End XCBuildConfiguration section */

/* Begin XCConfigurationList section */
		7CA22DF01C6C2C4200971AC2 /* Build configuration list for PBXProject "Instagram" */ = {
			isa = XCConfigurationList;
			buildConfigurations = (
				7CA22E051C6C2C4200971AC2 /* Debug */,
				7CA22E061C6C2C4200971AC2 /* Release */,
			);
			defaultConfigurationIsVisible = 0;
			defaultConfigurationName = Release;
		};
		7CA22E071C6C2C4200971AC2 /* Build configuration list for PBXNativeTarget "Instagram" */ = {
			isa = XCConfigurationList;
			buildConfigurations = (
				7CA22E081C6C2C4200971AC2 /* Debug */,
				7CA22E091C6C2C4200971AC2 /* Release */,
			);
			defaultConfigurationIsVisible = 0;
			defaultConfigurationName = Release;
		};
/* End XCConfigurationList section */
	};
	rootObject = 7CA22DED1C6C2C4200971AC2 /* Project object */;
}
